
Microsoft Visual Studio Solution File, Format Version 12.00
# Visual Studio 15
VisualStudioVersion = 15.0.28307.421
MinimumVisualStudioVersion = 10.0.40219.1
Project("{FAE04EC0-301F-11D3-BF4B-00C04F79EFBC}") = "PayPing.Ipg", "PayPing.Ipg\PayPing.Ipg.csproj", "{A2728575-62FC-4324-A0FB-F2D8CEF688FF}"
EndProject
Global
	GlobalSection(SolutionConfigurationPlatforms) = preSolution
		Debug|Any CPU = Debug|Any CPU
		Release|Any CPU = Release|Any CPU
	EndGlobalSection
	GlobalSection(ProjectConfigurationPlatforms) = postSolution
		{A2728575-62FC-4324-A0FB-F2D8CEF688FF}.Debug|Any CPU.ActiveCfg = Debug|Any CPU
		{A2728575-62FC-4324-A0FB-F2D8CEF688FF}.Debug|Any CPU.Build.0 = Debug|Any CPU
		{A2728575-62FC-4324-A0FB-F2D8CEF688FF}.Release|Any CPU.ActiveCfg = Release|Any CPU
		{A2728575-62FC-4324-A0FB-F2D8CEF688FF}.Release|Any CPU.Build.0 = Release|Any CPU
	EndGlobalSection
	GlobalSection(SolutionProperties) = preSolution
		HideSolutionNode = FALSE
	EndGlobalSection
	GlobalSection(ExtensibilityGlobals) = postSolution
		SolutionGuid = {D4EAB924-7A79-41C4-867A-076B72707907}
	EndGlobalSection
EndGlobal
